Microsoft Visual Studio Solution File, Format Version 12.00
# Visual Studio Version 17
VisualStudioVersion = 17.5.2.0
MinimumVisualStudioVersion = 10.0.40219.1
Project("{FAE04EC0-301F-11D3-BF4B-00C04F79EFBC}") = "RunGroupWebApp", "RunGroupWebApp.csproj", "{7B1FC72B-84BE-C0E4-2847-1EBB2B5D6917}"
EndProject
Global
	GlobalSection(SolutionConfigurationPlatforms) = preSolution
		Debug|Any CPU = Debug|Any CPU
		Release|Any CPU = Release|Any CPU
	EndGlobalSection
	GlobalSection(ProjectConfigurationPlatforms) = postSolution
		{7B1FC72B-84BE-C0E4-2847-1EBB2B5D6917}.Debug|Any CPU.ActiveCfg = Debug|Any CPU
		{7B1FC72B-84BE-C0E4-2847-1EBB2B5D6917}.Debug|Any CPU.Build.0 = Debug|Any CPU
		{7B1FC72B-84BE-C0E4-2847-1EBB2B5D6917}.Release|Any CPU.ActiveCfg = Release|Any CPU
		{7B1FC72B-84BE-C0E4-2847-1EBB2B5D6917}.Release|Any CPU.Build.0 = Release|Any CPU
	EndGlobalSection
	GlobalSection(SolutionProperties) = preSolution
		HideSolutionNode = FALSE
	EndGlobalSection
	GlobalSection(ExtensibilityGlobals) = postSolution
		SolutionGuid = {58B23A45-F7F1-470E-83D8-3CB62CF69455}
	EndGlobalSection
EndGlobal
